{
    "_readme": [
        "This file locks the dependencies of your project to a known state",
        "Read more about it at http://getcomposer.org/doc/01-basic-usage.md#composer-lock-the-lock-file"
    ],
    "hash": "07b8be2d5fdb43f997663e358165a1ee",
    "packages": [
        {
            "name": "kasperhartwich/cpsms",
            "version": "dev-master",
            "source": {
                "type": "git",
                "url": "https://github.com/kasperhartwich/cpsms.git",
                "reference": "d7d9a72f4fdba9eb9da1fdd32bb324406f4a956a"
            },
            "dist": {
                "type": "zip",
                "url": "https://api.github.com/repos/kasperhartwich/cpsms/zipball/d7d9a72f4fdba9eb9da1fdd32bb324406f4a956a",
                "reference": "d7d9a72f4fdba9eb9da1fdd32bb324406f4a956a",
                "shasum": ""
            },
            "require": {
                "php": ">=5.3.0"
            },
            "type": "library",
            "autoload": {
                "classmap": [
                    "lib/"
                ]
            },
            "notification-url": "https://packagist.org/downloads/",
            "license": [
                "MIT"
            ],
            "authors": [
                {
                    "name": "Kasper Hartwich",
                    "email": "kasperhartwich@gmail.com",
                    "homepage": "http://kasperhartwich.dk",
                    "role": "Developer"
                }
            ],
            "description": "Send a sms via smsprovider http://www.cpsms.dk",
            "homepage": "https://github.com/kasperhartwich/cpsms",
            "keywords": [
                "compaya",
                "cpsms",
                "sms"
            ],
            "time": "2014-03-01 21:57:32"
        },
        {
            "name": "klein/klein",
            "version": "v2.0.2",
            "source": {
                "type": "git",
                "url": "https://github.com/chriso/klein.php.git",
                "reference": "6e1f228ce82333b437402dafad049713eb3eeac6"
            },
            "dist": {
                "type": "zip",
                "url": "https://api.github.com/repos/chriso/klein.php/zipball/6e1f228ce82333b437402dafad049713eb3eeac6",
                "reference": "6e1f228ce82333b437402dafad049713eb3eeac6",
                "shasum": ""
            },
            "require": {
                "php": ">=5.3.0"
            },
            "require-dev": {
                "phpunit/phpunit": "3.7.x"
            },
            "type": "library",
            "autoload": {
                "psr-0": {
                    "Klein": "."
                }
            },
            "notification-url": "https://packagist.org/downloads/",
            "license": [
                "MIT"
            ],
            "authors": [
                {
                    "name": "Chris O'Hara",
                    "email": "cohara87@gmail.com",
                    "homepage": "http://chris6f.com/",
                    "role": "Creator/Developer"
                },
                {
                    "name": "Trevor Suarez",
                    "email": "rican7@gmail.com",
                    "homepage": "http://about.me/tnsuarez",
                    "role": "Contributor/Developer"
                }
            ],
            "description": "A lightning fast router for PHP",
            "homepage": "https://github.com/chriso/klein.php",
            "keywords": [
                "boilerplate",
                "router",
                "routing",
                "sinatra"
            ],
            "time": "2013-06-16 23:32:47"
        },
        {
            "name": "ronanguilloux/php-gpio",
            "version": "dev-master",
            "source": {
                "type": "git",
                "url": "https://github.com/ronanguilloux/php-gpio.git",
                "reference": "2ab29290e0fd45992103062bc949c8e18f622a20"
            },
            "dist": {
                "type": "zip",
                "url": "https://api.github.com/repos/ronanguilloux/php-gpio/zipball/2ab29290e0fd45992103062bc949c8e18f622a20",
                "reference": "2ab29290e0fd45992103062bc949c8e18f622a20",
                "shasum": ""
            },
            "require": {
                "php": ">=5.3.0"
            },
            "type": "library",
            "extra": {
                "branch-alias": {
                    "dev-master": "1.0.x-dev"
                }
            },
            "autoload": {
                "psr-0": {
                    "PhpGpio": "src/"
                }
            },
            "notification-url": "https://packagist.org/downloads/",
            "license": [
                "MIT"
            ],
            "authors": [
                {
                    "name": "Ronan Guilloux",
                    "email": "ronan.guilloux@gmail.com",
                    "homepage": "http://github.com/ronanguilloux",
                    "role": "Developer"
                }
            ],
            "description": "GPIO-related utils & toolkit PHP library",
            "homepage": "https://github.com/ronanguilloux/php-gpio",
            "keywords": [
                "GPIO",
                "chip",
                "chipset",
                "hardware",
                "input",
                "output",
                "pin",
                "port",
                "raspberry",
                "raspberry pi",
                "sensors"
            ],
            "time": "2013-07-24 22:34:06"
        }
    ],
    "packages-dev": [

    ],
    "aliases": [

    ],
    "minimum-stability": "stable",
    "stability-flags": {
        "ronanguilloux/php-gpio": 20,
        "kasperhartwich/cpsms": 20
    },
    "platform": [

    ],
    "platform-dev": [

    ]
}
